[[package]]
name = "about-time"
version = "3.1.1"
description = "Easily measure timing and throughput of code blocks, with beautiful human friendly representations."
category = "main"
optional = false
python-versions = "*"

[[package]]
name = "alive-progress"
version = "2.4.1"
description = "A new kind of Progress Bar, with real-time throughput, ETA, and very cool animations!"
category = "main"
optional = false
python-versions = ">=3.7, <4"

[package.dependencies]
about-time = "3.1.1"
grapheme = "0.6.0"

[[package]]
name = "grapheme"
version = "0.6.0"
description = "Unicode grapheme helpers"
category = "main"
optional = false
python-versions = "*"

[package.extras]
test = ["pytest", "sphinx", "sphinx-autobuild", "wheel", "twine"]

[metadata]
lock-version = "1.1"
python-versions = "^3.10"
content-hash = "2d1647132a81f90c9029445bf26237bf27ff14c9886324667f6c19d7b7ed26b1"

[metadata.files]
about-time = []
alive-progress = []
grapheme = []
